// !$*UTF8*$!
{
	archiveVersion = 1;
	classes = {
	};
	objectVersion = 45;
	objects = {

/* Begin PBXBuildFile section */
		23216EF9111405A900EA899B /* SpUrlProtocol.m in Sources */ = {isa = PBXBuildFile; fileRef = 23216EF8111405A900EA899B /* SpUrlProtocol.m */; };
		23216F0E1114124700EA899B /* WebKit.framework in Frameworks */ = {isa = PBXBuildFile; fileRef = 23216F0D1114124700EA899B /* WebKit.framework */; };
		232171151114ACDF00EA899B /* QuickLook.framework in Frameworks */ = {isa = PBXBuildFile; fileRef = 2321710A1114ACD500EA899B /* QuickLook.framework */; };
		237B6D771115A70800B4BBE0 /* filter.py in Resources */ = {isa = PBXBuildFile; fileRef = 237B6D751115A70800B4BBE0 /* filter.py */; };
		238978191111FEC0008D504F /* SpPlugin.m in Sources */ = {isa = PBXBuildFile; fileRef = 238978161111FEC0008D504F /* SpPlugin.m */; };
		2389781A1111FEC0008D504F /* SpInsertController.m in Sources */ = {isa = PBXBuildFile; fileRef = 238978181111FEC0008D504F /* SpInsertController.m */; };
		23CFB67811177449001C3FCF /* SpAppDelegate.m in Sources */ = {isa = PBXBuildFile; fileRef = 23CFB67711177449001C3FCF /* SpAppDelegate.m */; };
		23CFB698111775A9001C3FCF /* SpWindowController.m in Sources */ = {isa = PBXBuildFile; fileRef = 23CFB697111775A9001C3FCF /* SpWindowController.m */; };
		23CFB69E11177784001C3FCF /* SpNode.m in Sources */ = {isa = PBXBuildFile; fileRef = 23CFB69D11177784001C3FCF /* SpNode.m */; };
		23CFB6EE11177CAA001C3FCF /* SpanakopitaApp.xib in Resources */ = {isa = PBXBuildFile; fileRef = 232170151114164F00EA899B /* SpanakopitaApp.xib */; };
		23CFB6EF11177CAD001C3FCF /* SpanakopitaWindow.xib in Resources */ = {isa = PBXBuildFile; fileRef = 23CFB68911177554001C3FCF /* SpanakopitaWindow.xib */; };
		23CFB6F011177CB0001C3FCF /* SpanakopitaInsert.xib in Resources */ = {isa = PBXBuildFile; fileRef = 23E9AF171116E77700F6C194 /* SpanakopitaInsert.xib */; };
		23CFB6F111177CBD001C3FCF /* main.m in Sources */ = {isa = PBXBuildFile; fileRef = 23216FE5111415F300EA899B /* main.m */; };
		23CFB6F311177CBD001C3FCF /* SpTest.m in Sources */ = {isa = PBXBuildFile; fileRef = 2321701D111416AF00EA899B /* SpTest.m */; };
		23CFB6F511177CBD001C3FCF /* SpAppDelegate.m in Sources */ = {isa = PBXBuildFile; fileRef = 23CFB67711177449001C3FCF /* SpAppDelegate.m */; };
		23CFB6F711177CBD001C3FCF /* SpWindowController.m in Sources */ = {isa = PBXBuildFile; fileRef = 23CFB697111775A9001C3FCF /* SpWindowController.m */; };
		23CFB6F911177CBD001C3FCF /* SpNode.m in Sources */ = {isa = PBXBuildFile; fileRef = 23CFB69D11177784001C3FCF /* SpNode.m */; };
		23CFB6FA11177CC6001C3FCF /* filter.py in Resources */ = {isa = PBXBuildFile; fileRef = 237B6D751115A70800B4BBE0 /* filter.py */; };
		23CFB6FC11177CCE001C3FCF /* SpUrlProtocol.m in Sources */ = {isa = PBXBuildFile; fileRef = 23216EF8111405A900EA899B /* SpUrlProtocol.m */; };
		23CFB6FE11177CCE001C3FCF /* SpInsertController.m in Sources */ = {isa = PBXBuildFile; fileRef = 238978181111FEC0008D504F /* SpInsertController.m */; };
		23CFB70111177CD9001C3FCF /* Cocoa.framework in Frameworks */ = {isa = PBXBuildFile; fileRef = 23CFB70011177CD9001C3FCF /* Cocoa.framework */; };
		23CFB70411177CE1001C3FCF /* WebKit.framework in Frameworks */ = {isa = PBXBuildFile; fileRef = 23216F0D1114124700EA899B /* WebKit.framework */; };
		23CFB70911177D14001C3FCF /* SpPlugin.m in Sources */ = {isa = PBXBuildFile; fileRef = 238978161111FEC0008D504F /* SpPlugin.m */; };
		23CFB70C11177D1E001C3FCF /* QuickLook.framework in Frameworks */ = {isa = PBXBuildFile; fileRef = 2321710A1114ACD500EA899B /* QuickLook.framework */; };
		23E9AF191116E77700F6C194 /* SpanakopitaInsert.xib in Resources */ = {isa = PBXBuildFile; fileRef = 23E9AF171116E77700F6C194 /* SpanakopitaInsert.xib */; };
		8D5B49B0048680CD000E48DA /* InfoPlist.strings in Resources */ = {isa = PBXBuildFile; fileRef = 089C167DFE841241C02AAC07 /* InfoPlist.strings */; };
		8D5B49B4048680CD000E48DA /* Cocoa.framework in Frameworks */ = {isa = PBXBuildFile; fileRef = 1058C7ADFEA557BF11CA2CBB /* Cocoa.framework */; };
/* End PBXBuildFile section */

/* Begin PBXFileReference section */
		089C1672FE841209C02AAC07 /* Foundation.framework */ = {isa = PBXFileReference; lastKnownFileType = wrapper.framework; name = Foundation.framework; path = /System/Library/Frameworks/Foundation.framework; sourceTree = "<absolute>"; };
		089C167EFE841241C02AAC07 /* English */ = {isa = PBXFileReference; fileEncoding = 4; lastKnownFileType = text.plist.strings; name = English; path = English.lproj/InfoPlist.strings; sourceTree = "<group>"; };
		089C167FFE841241C02AAC07 /* AppKit.framework */ = {isa = PBXFileReference; lastKnownFileType = wrapper.framework; name = AppKit.framework; path = /System/Library/Frameworks/AppKit.framework; sourceTree = "<absolute>"; };
		1058C7ADFEA557BF11CA2CBB /* Cocoa.framework */ = {isa = PBXFileReference; lastKnownFileType = wrapper.framework; name = Cocoa.framework; path = /System/Library/Frameworks/Cocoa.framework; sourceTree = "<absolute>"; };
		23216EF7111405A900EA899B /* SpUrlProtocol.h */ = {isa = PBXFileReference; fileEncoding = 4; lastKnownFileType = sourcecode.c.h; path = SpUrlProtocol.h; sourceTree = "<group>"; };
		23216EF8111405A900EA899B /* SpUrlProtocol.m */ = {isa = PBXFileReference; fileEncoding = 4; lastKnownFileType = sourcecode.c.objc; path = SpUrlProtocol.m; sourceTree = "<group>"; };
		23216EFC11140A2A00EA899B /* SpErrors.h */ = {isa = PBXFileReference; fileEncoding = 4; lastKnownFileType = sourcecode.c.h; path = SpErrors.h; sourceTree = "<group>"; };
		23216F0D1114124700EA899B /* WebKit.framework */ = {isa = PBXFileReference; lastKnownFileType = wrapper.framework; name = WebKit.framework; path = System/Library/Frameworks/WebKit.framework; sourceTree = SDKROOT; };
		23216FE5111415F300EA899B /* main.m */ = {isa = PBXFileReference; fileEncoding = 4; lastKnownFileType = sourcecode.c.objc; path = main.m; sourceTree = "<group>"; };
		232170151114164F00EA899B /* SpanakopitaApp.xib */ = {isa = PBXFileReference; lastKnownFileType = file.xib; path = SpanakopitaApp.xib; sourceTree = "<group>"; };
		2321701C111416AF00EA899B /* SpTest.h */ = {isa = PBXFileReference; fileEncoding = 4; lastKnownFileType = sourcecode.c.h; path = SpTest.h; sourceTree = "<group>"; };
		2321701D111416AF00EA899B /* SpTest.m */ = {isa = PBXFileReference; fileEncoding = 4; lastKnownFileType = sourcecode.c.objc; path = SpTest.m; sourceTree = "<group>"; };
		2321710A1114ACD500EA899B /* QuickLook.framework */ = {isa = PBXFileReference; lastKnownFileType = wrapper.framework; name = QuickLook.framework; path = System/Library/Frameworks/QuickLook.framework; sourceTree = SDKROOT; };
		237B6D751115A70800B4BBE0 /* filter.py */ = {isa = PBXFileReference; fileEncoding = 4; lastKnownFileType = text.script.python; path = filter.py; sourceTree = "<group>"; };
		238978151111FEC0008D504F /* SpPlugin.h */ = {isa = PBXFileReference; fileEncoding = 4; lastKnownFileType = sourcecode.c.h; path = SpPlugin.h; sourceTree = "<group>"; };
		238978161111FEC0008D504F /* SpPlugin.m */ = {isa = PBXFileReference; fileEncoding = 4; lastKnownFileType = sourcecode.c.objc; path = SpPlugin.m; sourceTree = "<group>"; };
		238978171111FEC0008D504F /* SpInsertController.h */ = {isa = PBXFileReference; fileEncoding = 4; lastKnownFileType = sourcecode.c.h; path = SpInsertController.h; sourceTree = "<group>"; };
		238978181111FEC0008D504F /* SpInsertController.m */ = {isa = PBXFileReference; fileEncoding = 4; lastKnownFileType = sourcecode.c.objc; path = SpInsertController.m; sourceTree = "<group>"; };
		238978691112C288008D504F /* TextMate.h */ = {isa = PBXFileReference; fileEncoding = 4; lastKnownFileType = sourcecode.c.h; path = TextMate.h; sourceTree = "<group>"; };
		23CFB67611177449001C3FCF /* SpAppDelegate.h */ = {isa = PBXFileReference; fileEncoding = 4; lastKnownFileType = sourcecode.c.h; path = SpAppDelegate.h; sourceTree = "<group>"; };
		23CFB67711177449001C3FCF /* SpAppDelegate.m */ = {isa = PBXFileReference; fileEncoding = 4; lastKnownFileType = sourcecode.c.objc; path = SpAppDelegate.m; sourceTree = "<group>"; };
		23CFB68911177554001C3FCF /* SpanakopitaWindow.xib */ = {isa = PBXFileReference; lastKnownFileType = file.xib; path = SpanakopitaWindow.xib; sourceTree = "<group>"; };
		23CFB696111775A9001C3FCF /* SpWindowController.h */ = {isa = PBXFileReference; fileEncoding = 4; lastKnownFileType = sourcecode.c.h; path = SpWindowController.h; sourceTree = "<group>"; };
		23CFB697111775A9001C3FCF /* SpWindowController.m */ = {isa = PBXFileReference; fileEncoding = 4; lastKnownFileType = sourcecode.c.objc; path = SpWindowController.m; sourceTree = "<group>"; };
		23CFB69C11177784001C3FCF /* SpNode.h */ = {isa = PBXFileReference; fileEncoding = 4; lastKnownFileType = sourcecode.c.h; path = SpNode.h; sourceTree = "<group>"; };
		23CFB69D11177784001C3FCF /* SpNode.m */ = {isa = PBXFileReference; fileEncoding = 4; lastKnownFileType = sourcecode.c.objc; path = SpNode.m; sourceTree = "<group>"; };
		23CFB6E811177C90001C3FCF /* Spanakopita Browser.app */ = {isa = PBXFileReference; explicitFileType = wrapper.application; includeInIndex = 0; path = "Spanakopita Browser.app"; sourceTree = BUILT_PRODUCTS_DIR; };
		23CFB6EA11177C90001C3FCF /* Spanakopita Browser-Info.plist */ = {isa = PBXFileReference; lastKnownFileType = text.plist.xml; path = "Spanakopita Browser-Info.plist"; sourceTree = "<group>"; };
		23CFB70011177CD9001C3FCF /* Cocoa.framework */ = {isa = PBXFileReference; lastKnownFileType = wrapper.framework; name = Cocoa.framework; path = System/Library/Frameworks/Cocoa.framework; sourceTree = SDKROOT; };
		23E9AF171116E77700F6C194 /* SpanakopitaInsert.xib */ = {isa = PBXFileReference; lastKnownFileType = file.xib; path = SpanakopitaInsert.xib; sourceTree = "<group>"; };
		32DBCF630370AF2F00C91783 /* Spanakopita_Prefix.pch */ = {isa = PBXFileReference; fileEncoding = 4; lastKnownFileType = sourcecode.c.h; path = Spanakopita_Prefix.pch; sourceTree = "<group>"; };
		8D5B49B6048680CD000E48DA /* Spanakopita.bundle */ = {isa = PBXFileReference; explicitFileType = wrapper.cfbundle; includeInIndex = 0; path = Spanakopita.bundle; sourceTree = BUILT_PRODUCTS_DIR; };
		8D5B49B7048680CD000E48DA /* Info.plist */ = {isa = PBXFileReference; fileEncoding = 4; lastKnownFileType = text.plist.xml; path = Info.plist; sourceTree = "<group>"; };
		D2F7E65807B2D6F200F64583 /* CoreData.framework */ = {isa = PBXFileReference; lastKnownFileType = wrapper.framework; name = CoreData.framework; path = /System/Library/Frameworks/CoreData.framework; sourceTree = "<absolute>"; };
/* End PBXFileReference section */

/* Begin PBXFrameworksBuildPhase section */
		23CFB6E611177C90001C3FCF /* Frameworks */ = {
			isa = PBXFrameworksBuildPhase;
			buildActionMask = 2147483647;
			files = (
				23CFB70111177CD9001C3FCF /* Cocoa.framework in Frameworks */,
				23CFB70411177CE1001C3FCF /* WebKit.framework in Frameworks */,
				23CFB70C11177D1E001C3FCF /* QuickLook.framework in Frameworks */,
			);
			runOnlyForDeploymentPostprocessing = 0;
		};
		8D5B49B3048680CD000E48DA /* Frameworks */ = {
			isa = PBXFrameworksBuildPhase;
			buildActionMask = 2147483647;
			files = (
				232171151114ACDF00EA899B /* QuickLook.framework in Frameworks */,
				8D5B49B4048680CD000E48DA /* Cocoa.framework in Frameworks */,
				23216F0E1114124700EA899B /* WebKit.framework in Frameworks */,
			);
			runOnlyForDeploymentPostprocessing = 0;
		};
/* End PBXFrameworksBuildPhase section */

/* Begin PBXGroup section */
		089C166AFE841209C02AAC07 /* Spanakopita */ = {
			isa = PBXGroup;
			children = (
				237B6D741115A70800B4BBE0 /* filter */,
				23216FD11114158C00EA899B /* App */,
				23CFB6731117740B001C3FCF /* Plugin */,
				08FB77AFFE84173DC02AAC07 /* Shared */,
				32C88E010371C26100C91783 /* Other Sources */,
				089C167CFE841241C02AAC07 /* Resources */,
				089C1671FE841209C02AAC07 /* Frameworks and Libraries */,
				19C28FB8FE9D52D311CA2CBB /* Products */,
				23CFB6EA11177C90001C3FCF /* Spanakopita Browser-Info.plist */,
				23CFB70011177CD9001C3FCF /* Cocoa.framework */,
			);
			name = Spanakopita;
			sourceTree = "<group>";
		};
		089C1671FE841209C02AAC07 /* Frameworks and Libraries */ = {
			isa = PBXGroup;
			children = (
				1058C7ACFEA557BF11CA2CBB /* Linked Frameworks */,
				1058C7AEFEA557BF11CA2CBB /* Other Frameworks */,
			);
			name = "Frameworks and Libraries";
			sourceTree = "<group>";
		};
		089C167CFE841241C02AAC07 /* Resources */ = {
			isa = PBXGroup;
			children = (
				232170151114164F00EA899B /* SpanakopitaApp.xib */,
				23CFB68911177554001C3FCF /* SpanakopitaWindow.xib */,
				23E9AF171116E77700F6C194 /* SpanakopitaInsert.xib */,
				8D5B49B7048680CD000E48DA /* Info.plist */,
				089C167DFE841241C02AAC07 /* InfoPlist.strings */,
			);
			name = Resources;
			sourceTree = "<group>";
		};
		08FB77AFFE84173DC02AAC07 /* Shared */ = {
			isa = PBXGroup;
			children = (
				23216EF7111405A900EA899B /* SpUrlProtocol.h */,
				23216EF8111405A900EA899B /* SpUrlProtocol.m */,
				238978171111FEC0008D504F /* SpInsertController.h */,
				238978181111FEC0008D504F /* SpInsertController.m */,
				23216EFC11140A2A00EA899B /* SpErrors.h */,
			);
			name = Shared;
			sourceTree = "<group>";
		};
		1058C7ACFEA557BF11CA2CBB /* Linked Frameworks */ = {
			isa = PBXGroup;
			children = (
				2321710A1114ACD500EA899B /* QuickLook.framework */,
				23216F0D1114124700EA899B /* WebKit.framework */,
				1058C7ADFEA557BF11CA2CBB /* Cocoa.framework */,
			);
			name = "Linked Frameworks";
			sourceTree = "<group>";
		};
		1058C7AEFEA557BF11CA2CBB /* Other Frameworks */ = {
			isa = PBXGroup;
			children = (
				089C167FFE841241C02AAC07 /* AppKit.framework */,
				D2F7E65807B2D6F200F64583 /* CoreData.framework */,
				089C1672FE841209C02AAC07 /* Foundation.framework */,
			);
			name = "Other Frameworks";
			sourceTree = "<group>";
		};
		19C28FB8FE9D52D311CA2CBB /* Products */ = {
			isa = PBXGroup;
			children = (
				8D5B49B6048680CD000E48DA /* Spanakopita.bundle */,
				23CFB6E811177C90001C3FCF /* Spanakopita Browser.app */,
			);
			name = Products;
			sourceTree = "<group>";
		};
		23216FD11114158C00EA899B /* App */ = {
			isa = PBXGroup;
			children = (
				23216FE5111415F300EA899B /* main.m */,
				2321701C111416AF00EA899B /* SpTest.h */,
				2321701D111416AF00EA899B /* SpTest.m */,
				23CFB67611177449001C3FCF /* SpAppDelegate.h */,
				23CFB67711177449001C3FCF /* SpAppDelegate.m */,
				23CFB696111775A9001C3FCF /* SpWindowController.h */,
				23CFB697111775A9001C3FCF /* SpWindowController.m */,
				23CFB69C11177784001C3FCF /* SpNode.h */,
				23CFB69D11177784001C3FCF /* SpNode.m */,
			);
			name = App;
			sourceTree = "<group>";
		};
		237B6D741115A70800B4BBE0 /* filter */ = {
			isa = PBXGroup;
			children = (
				237B6D751115A70800B4BBE0 /* filter.py */,
			);
			path = filter;
			sourceTree = "<group>";
		};
		23CFB6731117740B001C3FCF /* Plugin */ = {
			isa = PBXGroup;
			children = (
				238978151111FEC0008D504F /* SpPlugin.h */,
				238978161111FEC0008D504F /* SpPlugin.m */,
				238978691112C288008D504F /* TextMate.h */,
			);
			name = Plugin;
			sourceTree = "<group>";
		};
		32C88E010371C26100C91783 /* Other Sources */ = {
			isa = PBXGroup;
			children = (
				32DBCF630370AF2F00C91783 /* Spanakopita_Prefix.pch */,
			);
			name = "Other Sources";
			sourceTree = "<group>";
		};
/* End PBXGroup section */

/* Begin PBXNativeTarget section */
		23CFB6E711177C90001C3FCF /* Spanakopita Browser */ = {
			isa = PBXNativeTarget;
			buildConfigurationList = 23CFB6ED11177C91001C3FCF /* Build configuration list for PBXNativeTarget "Spanakopita Browser" */;
			buildPhases = (
				23CFB6E411177C90001C3FCF /* Resources */,
				23CFB6E511177C90001C3FCF /* Sources */,
				23CFB6E611177C90001C3FCF /* Frameworks */,
			);
			buildRules = (
			);
			dependencies = (
			);
			name = "Spanakopita Browser";
			productName = "Spanakopita Browser";
			productReference = 23CFB6E811177C90001C3FCF /* Spanakopita Browser.app */;
			productType = "com.apple.product-type.application";
		};
		8D5B49AC048680CD000E48DA /* Spanakopita */ = {
			isa = PBXNativeTarget;
			buildConfigurationList = 1DEB913A08733D840010E9CD /* Build configuration list for PBXNativeTarget "Spanakopita" */;
			buildPhases = (
				8D5B49AF048680CD000E48DA /* Resources */,
				8D5B49B1048680CD000E48DA /* Sources */,
				8D5B49B3048680CD000E48DA /* Frameworks */,
			);
			buildRules = (
			);
			dependencies = (
			);
			name = Spanakopita;
			productInstallPath = "$(HOME)/Library/Bundles";
			productName = Spanakopita;
			productReference = 8D5B49B6048680CD000E48DA /* Spanakopita.bundle */;
			productType = "com.apple.product-type.bundle";
		};
/* End PBXNativeTarget section */

/* Begin PBXProject section */
		089C1669FE841209C02AAC07 /* Project object */ = {
			isa = PBXProject;
			buildConfigurationList = 1DEB913E08733D840010E9CD /* Build configuration list for PBXProject "Spanakopita" */;
			compatibilityVersion = "Xcode 3.1";
			hasScannedForEncodings = 1;
			mainGroup = 089C166AFE841209C02AAC07 /* Spanakopita */;
			projectDirPath = "";
			projectRoot = "";
			targets = (
				8D5B49AC048680CD000E48DA /* Spanakopita */,
				23CFB6E711177C90001C3FCF /* Spanakopita Browser */,
			);
		};
/* End PBXProject section */

/* Begin PBXResourcesBuildPhase section */
		23CFB6E411177C90001C3FCF /* Resources */ = {
			isa = PBXResourcesBuildPhase;
			buildActionMask = 2147483647;
			files = (
				23CFB6FA11177CC6001C3FCF /* filter.py in Resources */,
				23CFB6F011177CB0001C3FCF /* SpanakopitaInsert.xib in Resources */,
				23CFB6EF11177CAD001C3FCF /* SpanakopitaWindow.xib in Resources */,
				23CFB6EE11177CAA001C3FCF /* SpanakopitaApp.xib in Resources */,
			);
			runOnlyForDeploymentPostprocessing = 0;
		};
		8D5B49AF048680CD000E48DA /* Resources */ = {
			isa = PBXResourcesBuildPhase;
			buildActionMask = 2147483647;
			files = (
				8D5B49B0048680CD000E48DA /* InfoPlist.strings in Resources */,
				237B6D771115A70800B4BBE0 /* filter.py in Resources */,
				23E9AF191116E77700F6C194 /* SpanakopitaInsert.xib in Resources */,
			);
			runOnlyForDeploymentPostprocessing = 0;
		};
/* End PBXResourcesBuildPhase section */

/* Begin PBXSourcesBuildPhase section */
		23CFB6E511177C90001C3FCF /* Sources */ = {
			isa = PBXSourcesBuildPhase;
			buildActionMask = 2147483647;
			files = (
				23CFB70911177D14001C3FCF /* SpPlugin.m in Sources */,
				23CFB6FC11177CCE001C3FCF /* SpUrlProtocol.m in Sources */,
				23CFB6FE11177CCE001C3FCF /* SpInsertController.m in Sources */,
				23CFB6F111177CBD001C3FCF /* main.m in Sources */,
				23CFB6F311177CBD001C3FCF /* SpTest.m in Sources */,
				23CFB6F511177CBD001C3FCF /* SpAppDelegate.m in Sources */,
				23CFB6F711177CBD001C3FCF /* SpWindowController.m in Sources */,
				23CFB6F911177CBD001C3FCF /* SpNode.m in Sources */,
			);
			runOnlyForDeploymentPostprocessing = 0;
		};
		8D5B49B1048680CD000E48DA /* Sources */ = {
			isa = PBXSourcesBuildPhase;
			buildActionMask = 2147483647;
			files = (
				238978191111FEC0008D504F /* SpPlugin.m in Sources */,
				2389781A1111FEC0008D504F /* SpInsertController.m in Sources */,
				23216EF9111405A900EA899B /* SpUrlProtocol.m in Sources */,
				23CFB67811177449001C3FCF /* SpAppDelegate.m in Sources */,
				23CFB698111775A9001C3FCF /* SpWindowController.m in Sources */,
				23CFB69E11177784001C3FCF /* SpNode.m in Sources */,
			);
			runOnlyForDeploymentPostprocessing = 0;
		};
/* End PBXSourcesBuildPhase section */

/* Begin PBXVariantGroup section */
		089C167DFE841241C02AAC07 /* InfoPlist.strings */ = {
			isa = PBXVariantGroup;
			children = (
				089C167EFE841241C02AAC07 /* English */,
			);
			name = InfoPlist.strings;
			sourceTree = "<group>";
		};
/* End PBXVariantGroup section */

/* Begin XCBuildConfiguration section */
		1DEB913B08733D840010E9CD /* Debug */ = {
			isa = XCBuildConfiguration;
			buildSettings = {
				ALWAYS_SEARCH_USER_PATHS = NO;
				ARCHS = "$(ARCHS_STANDARD_32_64_BIT)";
				COPY_PHASE_STRIP = NO;
				GCC_DYNAMIC_NO_PIC = NO;
				GCC_ENABLE_FIX_AND_CONTINUE = YES;
				GCC_MODEL_TUNING = G5;
				GCC_OPTIMIZATION_LEVEL = 0;
				GCC_PRECOMPILE_PREFIX_HEADER = YES;
				GCC_PREFIX_HEADER = Spanakopita_Prefix.pch;
				INFOPLIST_FILE = Info.plist;
				INSTALL_PATH = "$(HOME)/Library/Bundles";
				PRODUCT_NAME = Spanakopita;
				SDKROOT = macosx10.6;
				WRAPPER_EXTENSION = bundle;
			};
			name = Debug;
		};
		1DEB913C08733D840010E9CD /* Release */ = {
			isa = XCBuildConfiguration;
			buildSettings = {
				ALWAYS_SEARCH_USER_PATHS = NO;
				ARCHS = "$(ARCHS_STANDARD_32_64_BIT)";
				DEBUG_INFORMATION_FORMAT = "dwarf-with-dsym";
				GCC_MODEL_TUNING = G5;
				GCC_PRECOMPILE_PREFIX_HEADER = YES;
				GCC_PREFIX_HEADER = Spanakopita_Prefix.pch;
				INFOPLIST_FILE = Info.plist;
				INSTALL_PATH = "$(HOME)/Library/Bundles";
				PRODUCT_NAME = Spanakopita;
				SDKROOT = macosx10.6;
				WRAPPER_EXTENSION = bundle;
			};
			name = Release;
		};
		1DEB913F08733D840010E9CD /* Debug */ = {
			isa = XCBuildConfiguration;
			buildSettings = {
				ARCHS = "$(ARCHS_STANDARD_32_BIT)";
				GCC_C_LANGUAGE_STANDARD = gnu99;
				GCC_OPTIMIZATION_LEVEL = 0;
				GCC_WARN_ABOUT_RETURN_TYPE = YES;
				GCC_WARN_UNUSED_VARIABLE = YES;
				ONLY_ACTIVE_ARCH = YES;
				PREBINDING = NO;
				SDKROOT = macosx10.6;
				VALID_ARCHS = i386;
			};
			name = Debug;
		};
		1DEB914008733D840010E9CD /* Release */ = {
			isa = XCBuildConfiguration;
			buildSettings = {
				ARCHS = "$(ARCHS_STANDARD_32_BIT)";
				GCC_C_LANGUAGE_STANDARD = gnu99;
				GCC_WARN_ABOUT_RETURN_TYPE = YES;
				GCC_WARN_UNUSED_VARIABLE = YES;
				PREBINDING = NO;
				SDKROOT = macosx10.6;
				VALID_ARCHS = i386;
			};
			name = Release;
		};
		23CFB6EB11177C91001C3FCF /* Debug */ = {
			isa = XCBuildConfiguration;
			buildSettings = {
				ALWAYS_SEARCH_USER_PATHS = NO;
				COPY_PHASE_STRIP = NO;
				GCC_DYNAMIC_NO_PIC = NO;
				GCC_ENABLE_FIX_AND_CONTINUE = YES;
				GCC_MODEL_TUNING = G5;
				GCC_OPTIMIZATION_LEVEL = 0;
				GCC_PRECOMPILE_PREFIX_HEADER = YES;
				GCC_PREFIX_HEADER = "$(SYSTEM_LIBRARY_DIR)/Frameworks/AppKit.framework/Headers/AppKit.h";
				INFOPLIST_FILE = "Spanakopita Browser-Info.plist";
				INSTALL_PATH = "$(HOME)/Applications";
				OTHER_LDFLAGS = (
					"-framework",
					Foundation,
					"-framework",
					AppKit,
				);
				PREBINDING = NO;
				PRODUCT_NAME = "Spanakopita Browser";
			};
			name = Debug;
		};
		23CFB6EC11177C91001C3FCF /* Release */ = {
			isa = XCBuildConfiguration;
			buildSettings = {
				ALWAYS_SEARCH_USER_PATHS = NO;
				COPY_PHASE_STRIP = YES;
				DEBUG_INFORMATION_FORMAT = "dwarf-with-dsym";
				GCC_ENABLE_FIX_AND_CONTINUE = NO;
				GCC_MODEL_TUNING = G5;
				GCC_PRECOMPILE_PREFIX_HEADER = YES;
				GCC_PREFIX_HEADER = "$(SYSTEM_LIBRARY_DIR)/Frameworks/AppKit.framework/Headers/AppKit.h";
				INFOPLIST_FILE = "Spanakopita Browser-Info.plist";
				INSTALL_PATH = "$(HOME)/Applications";
				OTHER_LDFLAGS = (
					"-framework",
					Foundation,
					"-framework",
					AppKit,
				);
				PREBINDING = NO;
				PRODUCT_NAME = "Spanakopita Browser";
				ZERO_LINK = NO;
			};
			name = Release;
		};
/* End XCBuildConfiguration section */

/* Begin XCConfigurationList section */
		1DEB913A08733D840010E9CD /* Build configuration list for PBXNativeTarget "Spanakopita" */ = {
			isa = XCConfigurationList;
			buildConfigurations = (
				1DEB913B08733D840010E9CD /* Debug */,
				1DEB913C08733D840010E9CD /* Release */,
			);
			defaultConfigurationIsVisible = 0;
			defaultConfigurationName = Release;
		};
		1DEB913E08733D840010E9CD /* Build configuration list for PBXProject "Spanakopita" */ = {
			isa = XCConfigurationList;
			buildConfigurations = (
				1DEB913F08733D840010E9CD /* Debug */,
				1DEB914008733D840010E9CD /* Release */,
			);
			defaultConfigurationIsVisible = 0;
			defaultConfigurationName = Release;
		};
		23CFB6ED11177C91001C3FCF /* Build configuration list for PBXNativeTarget "Spanakopita Browser" */ = {
			isa = XCConfigurationList;
			buildConfigurations = (
				23CFB6EB11177C91001C3FCF /* Debug */,
				23CFB6EC11177C91001C3FCF /* Release */,
			);
			defaultConfigurationIsVisible = 0;
			defaultConfigurationName = Release;
		};
/* End XCConfigurationList section */
	};
	rootObject = 089C1669FE841209C02AAC07 /* Project object */;
}
